{
  "lockfileVersion": 1,
  "configVersion": 1,
  "workspaces": {
    "": {
      "name": "chip-in-backend",
      "dependencies": {
        "@clerk/backend": "^2.30.1",
        "figlet": "^1.10.0",
      },
      "devDependencies": {
        "@types/bun": "^1.3.8",
      },
      "peerDependencies": {
        "typescript": "^5",
      },
    },
  },
  "trustedDependencies": [
    "@clerk/shared",
  ],
  "packages": {
    "@clerk/backend": ["@clerk/backend@2.30.1", "", { "dependencies": { "@clerk/shared": "^3.44.0", "@clerk/types": "^4.101.14", "standardwebhooks": "^1.0.0", "tslib": "2.8.1" } }, "sha512-GoxnJzVH0ycNPAGCDMfo3lPBFbo5nehpLSVFjgGEnzIRGGahBtAB8PQT7KM2zo58pD8apjb/+suhcB/WCiEasQ=="],

    "@clerk/shared": ["@clerk/shared@3.44.0", "", { "dependencies": { "csstype": "3.1.3", "dequal": "2.0.3", "glob-to-regexp": "0.4.1", "js-cookie": "3.0.5", "std-env": "^3.9.0", "swr": "2.3.4" }, "peerDependencies": { "react": "^18.0.0 || ~19.0.3 || ~19.1.4 || ~19.2.3 || ~19.3.0-0", "react-dom": "^18.0.0 || ~19.0.3 || ~19.1.4 || ~19.2.3 || ~19.3.0-0" }, "optionalPeers": ["react", "react-dom"] }, "sha512-kH+chNeZwqml3IDpWLgebWECfOZifyUQO4OISd/96w1EuCY1Bzw6cBq/ZbpsoO8jyG8/6bGr/MGXLhDzTrpPfA=="],

    "@clerk/types": ["@clerk/types@4.101.14", "", { "dependencies": { "@clerk/shared": "^3.44.0" } }, "sha512-jl7DywmeaZx1IntgEXcjDZq2uyk+X/1yAZOjxOboeGTS0rNTiQNhv7xK8tFVjexsUAFrYlwC1AxhFuJiMDQjow=="],

    "@stablelib/base64": ["@stablelib/base64@1.0.1", "", {}, "sha512-1bnPQqSxSuc3Ii6MhBysoWCg58j97aUjuCSZrGSmDxNqtytIi0k8utUenAwTZN4V5mXXYGsVUI9zeBqy+jBOSQ=="],

    "@types/bun": ["@types/bun@1.3.8", "", { "dependencies": { "bun-types": "1.3.8" } }, "sha512-3LvWJ2q5GerAXYxO2mffLTqOzEu5qnhEAlh48Vnu8WQfnmSwbgagjGZV6BoHKJztENYEDn6QmVd949W4uESRJA=="],

    "@types/node": ["@types/node@25.2.2", "", { "dependencies": { "undici-types": "~7.16.0" } }, "sha512-BkmoP5/FhRYek5izySdkOneRyXYN35I860MFAGupTdebyE66uZaR+bXLHq8k4DirE5DwQi3NuhvRU1jqTVwUrQ=="],

    "bun-types": ["bun-types@1.3.8", "", { "dependencies": { "@types/node": "*" } }, "sha512-fL99nxdOWvV4LqjmC+8Q9kW3M4QTtTR1eePs94v5ctGqU8OeceWrSUaRw3JYb7tU3FkMIAjkueehrHPPPGKi5Q=="],

    "commander": ["commander@14.0.3", "", {}, "sha512-H+y0Jo/T1RZ9qPP4Eh1pkcQcLRglraJaSLoyOtHxu6AapkjWVCy2Sit1QQ4x3Dng8qDlSsZEet7g5Pq06MvTgw=="],

    "csstype": ["csstype@3.1.3", "", {}, "sha512-M1uQkMl8rQK/szD0LNhtqxIPLpimGm8sOBwU7lLnCpSbTyY3yeU1Vc7l4KT5zT4s/yOxHH5O7tIuuLOCnLADRw=="],

    "dequal": ["dequal@2.0.3", "", {}, "sha512-0je+qPKHEMohvfRTCEo3CrPG6cAzAYgmzKyxRiYSSDkS6eGJdyVJm7WaYA5ECaAD9wLB2T4EEeymA5aFVcYXCA=="],

    "fast-sha256": ["fast-sha256@1.3.0", "", {}, "sha512-n11RGP/lrWEFI/bWdygLxhI+pVeo1ZYIVwvvPkW7azl/rOy+F3HYRZ2K5zeE9mmkhQppyv9sQFx0JM9UabnpPQ=="],

    "figlet": ["figlet@1.10.0", "", { "dependencies": { "commander": "^14.0.0" }, "bin": { "figlet": "bin/index.js" } }, "sha512-aktIwEZZ6Gp9AWdMXW4YCi0J2Ahuxo67fNJRUIWD81w8pQ0t9TS8FFpbl27ChlTLF06VkwjDesZSzEVzN75rzA=="],

    "glob-to-regexp": ["glob-to-regexp@0.4.1", "", {}, "sha512-lkX1HJXwyMcprw/5YUZc2s7DrpAiHB21/V+E1rHUrVNokkvB6bqMzT0VfV6/86ZNabt1k14YOIaT7nDvOX3Iiw=="],

    "js-cookie": ["js-cookie@3.0.5", "", {}, "sha512-cEiJEAEoIbWfCZYKWhVwFuvPX1gETRYPw6LlaTKoxD3s2AkXzkCjnp6h0V77ozyqj0jakteJ4YqDJT830+lVGw=="],

    "react": ["react@19.2.4", "", {}, "sha512-9nfp2hYpCwOjAN+8TZFGhtWEwgvWHXqESH8qT89AT/lWklpLON22Lc8pEtnpsZz7VmawabSU0gCjnj8aC0euHQ=="],

    "standardwebhooks": ["standardwebhooks@1.0.0", "", { "dependencies": { "@stablelib/base64": "^1.0.0", "fast-sha256": "^1.3.0" } }, "sha512-BbHGOQK9olHPMvQNHWul6MYlrRTAOKn03rOe4A8O3CLWhNf4YHBqq2HJKKC+sfqpxiBY52pNeesD6jIiLDz8jg=="],

    "std-env": ["std-env@3.10.0", "", {}, "sha512-5GS12FdOZNliM5mAOxFRg7Ir0pWz8MdpYm6AY6VPkGpbA7ZzmbzNcBJQ0GPvvyWgcY7QAhCgf9Uy89I03faLkg=="],

    "swr": ["swr@2.3.4", "", { "dependencies": { "dequal": "^2.0.3", "use-sync-external-store": "^1.4.0" }, "peerDependencies": { "react": "^16.11.0 || ^17.0.0 || ^18.0.0 || ^19.0.0" } }, "sha512-bYd2lrhc+VarcpkgWclcUi92wYCpOgMws9Sd1hG1ntAu0NEy+14CbotuFjshBU2kt9rYj9TSmDcybpxpeTU1fg=="],

    "tslib": ["tslib@2.8.1", "", {}, "sha512-oJFu94HQb+KVduSUQL7wnpmqnfmLsOA/nAh6b6EH0wCEoK0/mPeXU6c3wKDV83MkOuHPRHtSXKKU99IBazS/2w=="],

    "typescript": ["typescript@5.9.3", "", { "bin": { "tsc": "bin/tsc", "tsserver": "bin/tsserver" } }, "sha512-jl1vZzPDinLr9eUt3J/t7V6FgNEw9QjvBPdysz9KfQDD41fQrC2Y4vKQdiaUpFT4bXlb1RHhLpp8wtm6M5TgSw=="],

    "undici-types": ["undici-types@7.16.0", "", {}, "sha512-Zz+aZWSj8LE6zoxD+xrjh4VfkIG8Ya6LvYkZqtUQGJPZjYl53ypCaUwWqo7eI0x66KBGeRo+mlBEkMSeSZ38Nw=="],

    "use-sync-external-store": ["use-sync-external-store@1.6.0", "", { "peerDependencies": { "react": "^16.8.0 || ^17.0.0 || ^18.0.0 || ^19.0.0" } }, "sha512-Pp6GSwGP/NrPIrxVFAIkOQeyw8lFenOHijQWkUTrDvrF4ALqylP2C/KCkeS9dpUM3KvYRQhna5vt7IL95+ZQ9w=="],
  }
}
